
Microsoft Visual Studio Solution File, Format Version 12.00
# Visual Studio Version 17
VisualStudioVersion = 17.5.33530.505
MinimumVisualStudioVersion = 10.0.40219.1
Project("{FAE04EC0-301F-11D3-BF4B-00C04F79EFBC}") = "AESCryptExample", "AESCryptExample\AESCryptExample.csproj", "{C341D97E-056D-4AB1-84A7-31F41D8A6921}"
EndProject
Global
	GlobalSection(SolutionConfigurationPlatforms) = preSolution
		Debug|Any CPU = Debug|Any CPU
		Release|Any CPU = Release|Any CPU
	EndGlobalSection
	GlobalSection(ProjectConfigurationPlatforms) = postSolution
		{C341D97E-056D-4AB1-84A7-31F41D8A6921}.Debug|Any CPU.ActiveCfg = Debug|Any CPU
		{C341D97E-056D-4AB1-84A7-31F41D8A6921}.Debug|Any CPU.Build.0 = Debug|Any CPU
		{C341D97E-056D-4AB1-84A7-31F41D8A6921}.Release|Any CPU.ActiveCfg = Release|Any CPU
		{C341D97E-056D-4AB1-84A7-31F41D8A6921}.Release|Any CPU.Build.0 = Release|Any CPU
	EndGlobalSection
	GlobalSection(SolutionProperties) = preSolution
		HideSolutionNode = FALSE
	EndGlobalSection
	GlobalSection(ExtensibilityGlobals) = postSolution
		SolutionGuid = {FFCD54C7-46DD-46BA-8E22-32F2447EEAE1}
	EndGlobalSection
EndGlobal
